
Microsoft Visual Studio Solution File, Format Version 12.00
# Visual Studio Version 17
VisualStudioVersion = 17.2.32616.157
MinimumVisualStudioVersion = 10.0.40219.1
Project("{FAE04EC0-301F-11D3-BF4B-00C04F79EFBC}") = "Task4", "Task4\Task4.csproj", "{2E68A8CD-3937-42CF-89D9-4164E41020E3}"
EndProject
Global
	GlobalSection(SolutionConfigurationPlatforms) = preSolution
		Debug|Any CPU = Debug|Any CPU
		Release|Any CPU = Release|Any CPU
	EndGlobalSection
	GlobalSection(ProjectConfigurationPlatforms) = postSolution
		{2E68A8CD-3937-42CF-89D9-4164E41020E3}.Debug|Any CPU.ActiveCfg = Debug|Any CPU
		{2E68A8CD-3937-42CF-89D9-4164E41020E3}.Debug|Any CPU.Build.0 = Debug|Any CPU
		{2E68A8CD-3937-42CF-89D9-4164E41020E3}.Release|Any CPU.ActiveCfg = Release|Any CPU
		{2E68A8CD-3937-42CF-89D9-4164E41020E3}.Release|Any CPU.Build.0 = Release|Any CPU
	EndGlobalSection
	GlobalSection(SolutionProperties) = preSolution
		HideSolutionNode = FALSE
	EndGlobalSection
	GlobalSection(ExtensibilityGlobals) = postSolution
		SolutionGuid = {26389A53-8443-4CE9-BF92-ED66D59CED31}
	EndGlobalSection
EndGlobal
